Microsoft Visual Studio Solution File, Format Version 12.00
# Visual Studio Version 17
VisualStudioVersion = 17.10.35027.167
MinimumVisualStudioVersion = 10.0.40219.1
Project("{9A19103F-16F7-4668-BE54-9A1E7A4F7556}") = "Shell", "Shell\Shell.csproj", "{AA0C00CB-8699-4F37-BFAE-40CA87ACC06D}"
EndProject
Project("{9A19103F-16F7-4668-BE54-9A1E7A4F7556}") = "Core", "Core\Core.csproj", "{2E1FB0DF-F9BB-4909-9F32-2D9D022A8E57}"
EndProject
Project("{9A19103F-16F7-4668-BE54-9A1E7A4F7556}") = "Sensors", "Sensors\Sensors.csproj", "{31421787-1A3C-427C-A8AD-C7E2561B2956}"
EndProject
Project("{9A19103F-16F7-4668-BE54-9A1E7A4F7556}") = "ExtendedLinguisticServices", "ExtendedLinguisticServices\ExtendedLinguisticServices.csproj", "{B2CE24B7-FC5D-49AC-806F-1D88F78A31E9}"
EndProject
Project("{9A19103F-16F7-4668-BE54-9A1E7A4F7556}") = "ShellExtensions", "ShellExtensions\ShellExtensions.csproj", "{F3C863EC-33F4-4ED2-9D67-00BF3EEEAB64}"
EndProject
Project("{2150E333-8FDC-42A3-9474-1A3956D46DE8}") = "WindowsAPICodePack", "WindowsAPICodePack", "{A41EAB4C-9940-4648-85CA-C433ED9B27C6}"
EndProject
Project("{9A19103F-16F7-4668-BE54-9A1E7A4F7556}") = "ShellExtensionTests", "Tests\ShellExtensionTests\ShellExtensionTests.csproj", "{8E82E837-B4D1-4817-B51A-3F7BAF4723AE}"
EndProject
Project("{9A19103F-16F7-4668-BE54-9A1E7A4F7556}") = "ShellTests", "Tests\Shell\ShellTests.csproj", "{7D8FBB1C-1A05-428B-AF45-A142F8689CFF}"
EndProject
Project("{9A19103F-16F7-4668-BE54-9A1E7A4F7556}") = "SensorsTests", "Tests\Sensors\SensorsTests.csproj", "{CBB38D07-B60E-42B6-846A-871D992B8554}"
EndProject
Project("{9A19103F-16F7-4668-BE54-9A1E7A4F7556}") = "CoreTests", "Tests\Core\CoreTests.csproj", "{5694FEAF-7626-41D1-B029-99A135E4CC44}"
EndProject
Project("{9A19103F-16F7-4668-BE54-9A1E7A4F7556}") = "ExtendedLinguisticServicesTests", "Tests\ExtendedLinguisticServices\ExtendedLinguisticServicesTests.csproj", "{E47A9CFF-C8C0-49D5-A5AD-9F512FAFB660}"
EndProject
Project("{2150E333-8FDC-42A3-9474-1A3956D46DE8}") = "Tests", "Tests", "{0487604D-8B4D-4D74-B13B-F893A7BE60D7}"
EndProject
Project("{2150E333-8FDC-42A3-9474-1A3956D46DE8}") = "Solution Items", "Solution Items", "{1E47A78A-5E90-45E8-9EC3-E0F624B909B0}"
	ProjectSection(SolutionItems) = preProject
		WindowsAPICodePack.sln.DotSettings = WindowsAPICodePack.sln.DotSettings
	EndProjectSection
EndProject
Global
	GlobalSection(SolutionConfigurationPlatforms) = preSolution
		CodeAnalysisDebug|Any CPU = CodeAnalysisDebug|Any CPU
		CodeAnalysisDebug|x64 = CodeAnalysisDebug|x64
		Debug|Any CPU = Debug|Any CPU
		Debug|x64 = Debug|x64
		Release|Any CPU = Release|Any CPU
		Release|x64 = Release|x64
	EndGlobalSection
	GlobalSection(ProjectConfigurationPlatforms) = postSolution
		{AA0C00CB-8699-4F37-BFAE-40CA87ACC06D}.CodeAnalysisDebug|Any CPU.ActiveCfg = Debug|Any CPU
		{AA0C00CB-8699-4F37-BFAE-40CA87ACC06D}.CodeAnalysisDebug|Any CPU.Build.0 = Debug|Any CPU
		{AA0C00CB-8699-4F37-BFAE-40CA87ACC06D}.CodeAnalysisDebug|x64.ActiveCfg = Debug|Any CPU
		{AA0C00CB-8699-4F37-BFAE-40CA87ACC06D}.CodeAnalysisDebug|x64.Build.0 = Debug|Any CPU
		{AA0C00CB-8699-4F37-BFAE-40CA87ACC06D}.Debug|Any CPU.ActiveCfg = Debug|Any CPU
		{AA0C00CB-8699-4F37-BFAE-40CA87ACC06D}.Debug|Any CPU.Build.0 = Debug|Any CPU
		{AA0C00CB-8699-4F37-BFAE-40CA87ACC06D}.Debug|x64.ActiveCfg = Debug|Any CPU
		{AA0C00CB-8699-4F37-BFAE-40CA87ACC06D}.Debug|x64.Build.0 = Debug|Any CPU
		{AA0C00CB-8699-4F37-BFAE-40CA87ACC06D}.Release|Any CPU.ActiveCfg = Release|Any CPU
		{AA0C00CB-8699-4F37-BFAE-40CA87ACC06D}.Release|Any CPU.Build.0 = Release|Any CPU
		{AA0C00CB-8699-4F37-BFAE-40CA87ACC06D}.Release|x64.ActiveCfg = Release|Any CPU
		{AA0C00CB-8699-4F37-BFAE-40CA87ACC06D}.Release|x64.Build.0 = Release|Any CPU
		{2E1FB0DF-F9BB-4909-9F32-2D9D022A8E57}.CodeAnalysisDebug|Any CPU.ActiveCfg = Debug|Any CPU
		{2E1FB0DF-F9BB-4909-9F32-2D9D022A8E57}.CodeAnalysisDebug|Any CPU.Build.0 = Debug|Any CPU
		{2E1FB0DF-F9BB-4909-9F32-2D9D022A8E57}.CodeAnalysisDebug|x64.ActiveCfg = Debug|Any CPU
		{2E1FB0DF-F9BB-4909-9F32-2D9D022A8E57}.CodeAnalysisDebug|x64.Build.0 = Debug|Any CPU
		{2E1FB0DF-F9BB-4909-9F32-2D9D022A8E57}.Debug|Any CPU.ActiveCfg = Debug|Any CPU
		{2E1FB0DF-F9BB-4909-9F32-2D9D022A8E57}.Debug|Any CPU.Build.0 = Debug|Any CPU
		{2E1FB0DF-F9BB-4909-9F32-2D9D022A8E57}.Debug|x64.ActiveCfg = Debug|Any CPU
		{2E1FB0DF-F9BB-4909-9F32-2D9D022A8E57}.Debug|x64.Build.0 = Debug|Any CPU
		{2E1FB0DF-F9BB-4909-9F32-2D9D022A8E57}.Release|Any CPU.ActiveCfg = Release|Any CPU
		{2E1FB0DF-F9BB-4909-9F32-2D9D022A8E57}.Release|Any CPU.Build.0 = Release|Any CPU
		{2E1FB0DF-F9BB-4909-9F32-2D9D022A8E57}.Release|x64.ActiveCfg = Release|Any CPU
		{2E1FB0DF-F9BB-4909-9F32-2D9D022A8E57}.Release|x64.Build.0 = Release|Any CPU
		{31421787-1A3C-427C-A8AD-C7E2561B2956}.CodeAnalysisDebug|Any CPU.ActiveCfg = Debug|Any CPU
		{31421787-1A3C-427C-A8AD-C7E2561B2956}.CodeAnalysisDebug|Any CPU.Build.0 = Debug|Any CPU
		{31421787-1A3C-427C-A8AD-C7E2561B2956}.CodeAnalysisDebug|x64.ActiveCfg = Debug|Any CPU
		{31421787-1A3C-427C-A8AD-C7E2561B2956}.CodeAnalysisDebug|x64.Build.0 = Debug|Any CPU
		{31421787-1A3C-427C-A8AD-C7E2561B2956}.Debug|Any CPU.ActiveCfg = Debug|Any CPU
		{31421787-1A3C-427C-A8AD-C7E2561B2956}.Debug|Any CPU.Build.0 = Debug|Any CPU
		{31421787-1A3C-427C-A8AD-C7E2561B2956}.Debug|x64.ActiveCfg = Debug|Any CPU
		{31421787-1A3C-427C-A8AD-C7E2561B2956}.Debug|x64.Build.0 = Debug|Any CPU
		{31421787-1A3C-427C-A8AD-C7E2561B2956}.Release|Any CPU.ActiveCfg = Release|Any CPU
		{31421787-1A3C-427C-A8AD-C7E2561B2956}.Release|Any CPU.Build.0 = Release|Any CPU
		{31421787-1A3C-427C-A8AD-C7E2561B2956}.Release|x64.ActiveCfg = Release|Any CPU
		{31421787-1A3C-427C-A8AD-C7E2561B2956}.Release|x64.Build.0 = Release|Any CPU
		{B2CE24B7-FC5D-49AC-806F-1D88F78A31E9}.CodeAnalysisDebug|Any CPU.ActiveCfg = Debug|Any CPU
		{B2CE24B7-FC5D-49AC-806F-1D88F78A31E9}.CodeAnalysisDebug|Any CPU.Build.0 = Debug|Any CPU
		{B2CE24B7-FC5D-49AC-806F-1D88F78A31E9}.CodeAnalysisDebug|x64.ActiveCfg = Debug|Any CPU
		{B2CE24B7-FC5D-49AC-806F-1D88F78A31E9}.CodeAnalysisDebug|x64.Build.0 = Debug|Any CPU
		{B2CE24B7-FC5D-49AC-806F-1D88F78A31E9}.Debug|Any CPU.ActiveCfg = Debug|Any CPU
		{B2CE24B7-FC5D-49AC-806F-1D88F78A31E9}.Debug|Any CPU.Build.0 = Debug|Any CPU
		{B2CE24B7-FC5D-49AC-806F-1D88F78A31E9}.Debug|x64.ActiveCfg = Debug|Any CPU
		{B2CE24B7-FC5D-49AC-806F-1D88F78A31E9}.Debug|x64.Build.0 = Debug|Any CPU
		{B2CE24B7-FC5D-49AC-806F-1D88F78A31E9}.Release|Any CPU.ActiveCfg = Release|Any CPU
		{B2CE24B7-FC5D-49AC-806F-1D88F78A31E9}.Release|Any CPU.Build.0 = Release|Any CPU
		{B2CE24B7-FC5D-49AC-806F-1D88F78A31E9}.Release|x64.ActiveCfg = Release|Any CPU
		{B2CE24B7-FC5D-49AC-806F-1D88F78A31E9}.Release|x64.Build.0 = Release|Any CPU
		{F3C863EC-33F4-4ED2-9D67-00BF3EEEAB64}.CodeAnalysisDebug|Any CPU.ActiveCfg = Debug|Any CPU
		{F3C863EC-33F4-4ED2-9D67-00BF3EEEAB64}.CodeAnalysisDebug|Any CPU.Build.0 = Debug|Any CPU
		{F3C863EC-33F4-4ED2-9D67-00BF3EEEAB64}.CodeAnalysisDebug|x64.ActiveCfg = Debug|Any CPU
		{F3C863EC-33F4-4ED2-9D67-00BF3EEEAB64}.CodeAnalysisDebug|x64.Build.0 = Debug|Any CPU
		{F3C863EC-33F4-4ED2-9D67-00BF3EEEAB64}.Debug|Any CPU.ActiveCfg = Debug|Any CPU
		{F3C863EC-33F4-4ED2-9D67-00BF3EEEAB64}.Debug|Any CPU.Build.0 = Debug|Any CPU
		{F3C863EC-33F4-4ED2-9D67-00BF3EEEAB64}.Debug|x64.ActiveCfg = Debug|Any CPU
		{F3C863EC-33F4-4ED2-9D67-00BF3EEEAB64}.Debug|x64.Build.0 = Debug|Any CPU
		{F3C863EC-33F4-4ED2-9D67-00BF3EEEAB64}.Release|Any CPU.ActiveCfg = Release|Any CPU
		{F3C863EC-33F4-4ED2-9D67-00BF3EEEAB64}.Release|Any CPU.Build.0 = Release|Any CPU
		{F3C863EC-33F4-4ED2-9D67-00BF3EEEAB64}.Release|x64.ActiveCfg = Release|Any CPU
		{F3C863EC-33F4-4ED2-9D67-00BF3EEEAB64}.Release|x64.Build.0 = Release|Any CPU
		{8E82E837-B4D1-4817-B51A-3F7BAF4723AE}.CodeAnalysisDebug|Any CPU.ActiveCfg = Debug|Any CPU
		{8E82E837-B4D1-4817-B51A-3F7BAF4723AE}.CodeAnalysisDebug|Any CPU.Build.0 = Debug|Any CPU
		{8E82E837-B4D1-4817-B51A-3F7BAF4723AE}.CodeAnalysisDebug|x64.ActiveCfg = Debug|Any CPU
		{8E82E837-B4D1-4817-B51A-3F7BAF4723AE}.CodeAnalysisDebug|x64.Build.0 = Debug|Any CPU
		{8E82E837-B4D1-4817-B51A-3F7BAF4723AE}.Debug|Any CPU.ActiveCfg = Debug|Any CPU
		{8E82E837-B4D1-4817-B51A-3F7BAF4723AE}.Debug|Any CPU.Build.0 = Debug|Any CPU
		{8E82E837-B4D1-4817-B51A-3F7BAF4723AE}.Debug|x64.ActiveCfg = Debug|Any CPU
		{8E82E837-B4D1-4817-B51A-3F7BAF4723AE}.Debug|x64.Build.0 = Debug|Any CPU
		{8E82E837-B4D1-4817-B51A-3F7BAF4723AE}.Release|Any CPU.ActiveCfg = Release|Any CPU
		{8E82E837-B4D1-4817-B51A-3F7BAF4723AE}.Release|Any CPU.Build.0 = Release|Any CPU
		{8E82E837-B4D1-4817-B51A-3F7BAF4723AE}.Release|x64.ActiveCfg = Release|Any CPU
		{8E82E837-B4D1-4817-B51A-3F7BAF4723AE}.Release|x64.Build.0 = Release|Any CPU
		{7D8FBB1C-1A05-428B-AF45-A142F8689CFF}.CodeAnalysisDebug|Any CPU.ActiveCfg = Debug|Any CPU
		{7D8FBB1C-1A05-428B-AF45-A142F8689CFF}.CodeAnalysisDebug|Any CPU.Build.0 = Debug|Any CPU
		{7D8FBB1C-1A05-428B-AF45-A142F8689CFF}.CodeAnalysisDebug|x64.ActiveCfg = Debug|Any CPU
		{7D8FBB1C-1A05-428B-AF45-A142F8689CFF}.CodeAnalysisDebug|x64.Build.0 = Debug|Any CPU
		{7D8FBB1C-1A05-428B-AF45-A142F8689CFF}.Debug|Any CPU.ActiveCfg = Debug|Any CPU
		{7D8FBB1C-1A05-428B-AF45-A142F8689CFF}.Debug|Any CPU.Build.0 = Debug|Any CPU
		{7D8FBB1C-1A05-428B-AF45-A142F8689CFF}.Debug|x64.ActiveCfg = Debug|Any CPU
		{7D8FBB1C-1A05-428B-AF45-A142F8689CFF}.Debug|x64.Build.0 = Debug|Any CPU
		{7D8FBB1C-1A05-428B-AF45-A142F8689CFF}.Release|Any CPU.ActiveCfg = Release|Any CPU
		{7D8FBB1C-1A05-428B-AF45-A142F8689CFF}.Release|Any CPU.Build.0 = Release|Any CPU
		{7D8FBB1C-1A05-428B-AF45-A142F8689CFF}.Release|x64.ActiveCfg = Release|Any CPU
		{7D8FBB1C-1A05-428B-AF45-A142F8689CFF}.Release|x64.Build.0 = Release|Any CPU
		{CBB38D07-B60E-42B6-846A-871D992B8554}.CodeAnalysisDebug|Any CPU.ActiveCfg = Debug|Any CPU
		{CBB38D07-B60E-42B6-846A-871D992B8554}.CodeAnalysisDebug|Any CPU.Build.0 = Debug|Any CPU
		{CBB38D07-B60E-42B6-846A-871D992B8554}.CodeAnalysisDebug|x64.ActiveCfg = Debug|Any CPU
		{CBB38D07-B60E-42B6-846A-871D992B8554}.CodeAnalysisDebug|x64.Build.0 = Debug|Any CPU
		{CBB38D07-B60E-42B6-846A-871D992B8554}.Debug|Any CPU.ActiveCfg = Debug|Any CPU
		{CBB38D07-B60E-42B6-846A-871D992B8554}.Debug|Any CPU.Build.0 = Debug|Any CPU
		{CBB38D07-B60E-42B6-846A-871D992B8554}.Debug|x64.ActiveCfg = Debug|Any CPU
		{CBB38D07-B60E-42B6-846A-871D992B8554}.Debug|x64.Build.0 = Debug|Any CPU
		{CBB38D07-B60E-42B6-846A-871D992B8554}.Release|Any CPU.ActiveCfg = Release|Any CPU
		{CBB38D07-B60E-42B6-846A-871D992B8554}.Release|Any CPU.Build.0 = Release|Any CPU
		{CBB38D07-B60E-42B6-846A-871D992B8554}.Release|x64.ActiveCfg = Release|Any CPU
		{CBB38D07-B60E-42B6-846A-871D992B8554}.Release|x64.Build.0 = Release|Any CPU
		{5694FEAF-7626-41D1-B029-99A135E4CC44}.CodeAnalysisDebug|Any CPU.ActiveCfg = Debug|Any CPU
		{5694FEAF-7626-41D1-B029-99A135E4CC44}.CodeAnalysisDebug|Any CPU.Build.0 = Debug|Any CPU
		{5694FEAF-7626-41D1-B029-99A135E4CC44}.CodeAnalysisDebug|x64.ActiveCfg = Debug|Any CPU
		{5694FEAF-7626-41D1-B029-99A135E4CC44}.CodeAnalysisDebug|x64.Build.0 = Debug|Any CPU
		{5694FEAF-7626-41D1-B029-99A135E4CC44}.Debug|Any CPU.ActiveCfg = Debug|Any CPU
		{5694FEAF-7626-41D1-B029-99A135E4CC44}.Debug|Any CPU.Build.0 = Debug|Any CPU
		{5694FEAF-7626-41D1-B029-99A135E4CC44}.Debug|x64.ActiveCfg = Debug|Any CPU
		{5694FEAF-7626-41D1-B029-99A135E4CC44}.Debug|x64.Build.0 = Debug|Any CPU
		{5694FEAF-7626-41D1-B029-99A135E4CC44}.Release|Any CPU.ActiveCfg = Release|Any CPU
		{5694FEAF-7626-41D1-B029-99A135E4CC44}.Release|Any CPU.Build.0 = Release|Any CPU
		{5694FEAF-7626-41D1-B029-99A135E4CC44}.Release|x64.ActiveCfg = Release|Any CPU
		{5694FEAF-7626-41D1-B029-99A135E4CC44}.Release|x64.Build.0 = Release|Any CPU
		{E47A9CFF-C8C0-49D5-A5AD-9F512FAFB660}.CodeAnalysisDebug|Any CPU.ActiveCfg = Debug|Any CPU
		{E47A9CFF-C8C0-49D5-A5AD-9F512FAFB660}.CodeAnalysisDebug|Any CPU.Build.0 = Debug|Any CPU
		{E47A9CFF-C8C0-49D5-A5AD-9F512FAFB660}.CodeAnalysisDebug|x64.ActiveCfg = Debug|Any CPU
		{E47A9CFF-C8C0-49D5-A5AD-9F512FAFB660}.CodeAnalysisDebug|x64.Build.0 = Debug|Any CPU
		{E47A9CFF-C8C0-49D5-A5AD-9F512FAFB660}.Debug|Any CPU.ActiveCfg = Debug|Any CPU
		{E47A9CFF-C8C0-49D5-A5AD-9F512FAFB660}.Debug|Any CPU.Build.0 = Debug|Any CPU
		{E47A9CFF-C8C0-49D5-A5AD-9F512FAFB660}.Debug|x64.ActiveCfg = Debug|Any CPU
		{E47A9CFF-C8C0-49D5-A5AD-9F512FAFB660}.Debug|x64.Build.0 = Debug|Any CPU
		{E47A9CFF-C8C0-49D5-A5AD-9F512FAFB660}.Release|Any CPU.ActiveCfg = Release|Any CPU
		{E47A9CFF-C8C0-49D5-A5AD-9F512FAFB660}.Release|Any CPU.Build.0 = Release|Any CPU
		{E47A9CFF-C8C0-49D5-A5AD-9F512FAFB660}.Release|x64.ActiveCfg = Release|Any CPU
		{E47A9CFF-C8C0-49D5-A5AD-9F512FAFB660}.Release|x64.Build.0 = Release|Any CPU
	EndGlobalSection
	GlobalSection(SolutionProperties) = preSolution
		HideSolutionNode = FALSE
	EndGlobalSection
	GlobalSection(NestedProjects) = preSolution
		{AA0C00CB-8699-4F37-BFAE-40CA87ACC06D} = {A41EAB4C-9940-4648-85CA-C433ED9B27C6}
		{2E1FB0DF-F9BB-4909-9F32-2D9D022A8E57} = {A41EAB4C-9940-4648-85CA-C433ED9B27C6}
		{31421787-1A3C-427C-A8AD-C7E2561B2956} = {A41EAB4C-9940-4648-85CA-C433ED9B27C6}
		{B2CE24B7-FC5D-49AC-806F-1D88F78A31E9} = {A41EAB4C-9940-4648-85CA-C433ED9B27C6}
		{F3C863EC-33F4-4ED2-9D67-00BF3EEEAB64} = {A41EAB4C-9940-4648-85CA-C433ED9B27C6}
		{8E82E837-B4D1-4817-B51A-3F7BAF4723AE} = {0487604D-8B4D-4D74-B13B-F893A7BE60D7}
		{7D8FBB1C-1A05-428B-AF45-A142F8689CFF} = {0487604D-8B4D-4D74-B13B-F893A7BE60D7}
		{CBB38D07-B60E-42B6-846A-871D992B8554} = {0487604D-8B4D-4D74-B13B-F893A7BE60D7}
		{5694FEAF-7626-41D1-B029-99A135E4CC44} = {0487604D-8B4D-4D74-B13B-F893A7BE60D7}
		{E47A9CFF-C8C0-49D5-A5AD-9F512FAFB660} = {0487604D-8B4D-4D74-B13B-F893A7BE60D7}
	EndGlobalSection
	GlobalSection(ExtensibilityGlobals) = postSolution
		SolutionGuid = {77470629-1E13-407C-B6FB-156731106966}
	EndGlobalSection
EndGlobal
